
Microsoft Visual Studio Solution File, Format Version 12.00
# Visual Studio Version 17
VisualStudioVersion = 17.7.34202.233
MinimumVisualStudioVersion = 10.0.40219.1
Project("{FAE04EC0-301F-11D3-BF4B-00C04F79EFBC}") = "arayüz1", "arayüz1\arayüz1.csproj", "{F88C711A-4F47-4093-8756-F5F72D3E3304}"
EndProject
Global
	GlobalSection(SolutionConfigurationPlatforms) = preSolution
		Debug|Any CPU = Debug|Any CPU
		Release|Any CPU = Release|Any CPU
	EndGlobalSection
	GlobalSection(ProjectConfigurationPlatforms) = postSolution
		{F88C711A-4F47-4093-8756-F5F72D3E3304}.Debug|Any CPU.ActiveCfg = Debug|Any CPU
		{F88C711A-4F47-4093-8756-F5F72D3E3304}.Debug|Any CPU.Build.0 = Debug|Any CPU
		{F88C711A-4F47-4093-8756-F5F72D3E3304}.Release|Any CPU.ActiveCfg = Release|Any CPU
		{F88C711A-4F47-4093-8756-F5F72D3E3304}.Release|Any CPU.Build.0 = Release|Any CPU
	EndGlobalSection
	GlobalSection(SolutionProperties) = preSolution
		HideSolutionNode = FALSE
	EndGlobalSection
	GlobalSection(ExtensibilityGlobals) = postSolution
		SolutionGuid = {06609432-649D-4017-A4F7-EE3CB9706272}
	EndGlobalSection
EndGlobal
